
Microsoft Visual Studio Solution File, Format Version 12.00
# Visual Studio 15
VisualStudioVersion = 15.0.27130.2010
MinimumVisualStudioVersion = 10.0.40219.1
Project("{FAE04EC0-301F-11D3-BF4B-00C04F79EFBC}") = "RenameInFiles", "RenameInFiles\RenameInFiles.csproj", "{C07309C9-28DA-40AD-B86D-54A59B3ED1D1}"
EndProject
Global
	GlobalSection(SolutionConfigurationPlatforms) = preSolution
		Debug|Any CPU = Debug|Any CPU
		Release|Any CPU = Release|Any CPU
	EndGlobalSection
	GlobalSection(ProjectConfigurationPlatforms) = postSolution
		{C07309C9-28DA-40AD-B86D-54A59B3ED1D1}.Debug|Any CPU.ActiveCfg = Debug|Any CPU
		{C07309C9-28DA-40AD-B86D-54A59B3ED1D1}.Debug|Any CPU.Build.0 = Debug|Any CPU
		{C07309C9-28DA-40AD-B86D-54A59B3ED1D1}.Release|Any CPU.ActiveCfg = Release|Any CPU
		{C07309C9-28DA-40AD-B86D-54A59B3ED1D1}.Release|Any CPU.Build.0 = Release|Any CPU
	EndGlobalSection
	GlobalSection(SolutionProperties) = preSolution
		HideSolutionNode = FALSE
	EndGlobalSection
	GlobalSection(ExtensibilityGlobals) = postSolution
		SolutionGuid = {FA7A1581-2DA6-4E1B-BAD5-BE3E103950E0}
	EndGlobalSection
EndGlobal
